
Microsoft Visual Studio Solution File, Format Version 12.00
# Visual Studio 15
VisualStudioVersion = 15.0.27130.2010
MinimumVisualStudioVersion = 10.0.40219.1
Project("{FAE04EC0-301F-11D3-BF4B-00C04F79EFBC}") = "AutoCreatePhoto", "AutoCreatePhoto\AutoCreatePhoto.csproj", "{D0CC0079-010C-4D4E-9577-996C83FEA20A}"
EndProject
Global
	GlobalSection(SolutionConfigurationPlatforms) = preSolution
		Debug|Any CPU = Debug|Any CPU
		Release|Any CPU = Release|Any CPU
	EndGlobalSection
	GlobalSection(ProjectConfigurationPlatforms) = postSolution
		{D0CC0079-010C-4D4E-9577-996C83FEA20A}.Debug|Any CPU.ActiveCfg = Debug|Any CPU
		{D0CC0079-010C-4D4E-9577-996C83FEA20A}.Debug|Any CPU.Build.0 = Debug|Any CPU
		{D0CC0079-010C-4D4E-9577-996C83FEA20A}.Release|Any CPU.ActiveCfg = Release|Any CPU
		{D0CC0079-010C-4D4E-9577-996C83FEA20A}.Release|Any CPU.Build.0 = Release|Any CPU
	EndGlobalSection
	GlobalSection(SolutionProperties) = preSolution
		HideSolutionNode = FALSE
	EndGlobalSection
	GlobalSection(ExtensibilityGlobals) = postSolution
		SolutionGuid = {A75E84F9-2EEE-481E-8059-9C7491EC5A7B}
	EndGlobalSection
EndGlobal
